{
  "name": "forgedesk",
  "version": "0.1.0",
  "lockfileVersion": 2,
  "requires": true,
  "packages": {
    "": {
      "name": "forgedesk",
      "version": "0.1.0",
      "dependencies": {
        "@prisma/client": "^5.20.0",
        "bcryptjs": "^3.0.3",
        "resend": "^6.26.0"
      },
      "devDependencies": {
        "prisma": "^5.20.0"
      }
    },
    "node_modules/@prisma/client": {
      "version": "5.22.0",
      "resolved": "https://registry.npmjs.org/@prisma/client/-/client-5.22.0.tgz",
      "integrity": "sha512-M0SVXfyHnQREBKxCgyo7sffrKttwE6R8PMq330MIUF0pTwjUhLbW84pFDlf06B27XyCR++VtjugEnIHdr07SVA==",
      "hasInstallScript": true,
      "engines": {
        "node": ">=16.13"
      },
      "peerDependencies": {
        "prisma": "*"
      },
      "peerDependenciesMeta": {
        "prisma": {
          "optional": true
        }
      }
    },
    "node_modules/@prisma/debug": {
      "version": "5.22.0",
      "resolved": "https://registry.npmjs.org/@prisma/debug/-/debug-5.22.0.tgz",
      "integrity": "sha512-AUt44v3YJeggO2ZU5BkXI7M4hu9BF2zzH2iF2V5pyXT/lRTyWiElZ7It+bRH1EshoMRxHgpYg4VB6rCM+mG5jQ==",
      "devOptional": true
    },
    "node_modules/@prisma/engines": {
      "version": "5.22.0",
      "resolved": "https://registry.npmjs.org/@prisma/engines/-/engines-5.22.0.tgz",
      "integrity": "sha512-UNjfslWhAt06kVL3CjkuYpHAWSO6L4kDCVPegV6itt7nD1kSJavd3vhgAEhjglLJJKEdJ7oIqDJ+yHk6qO8gPA==",
      "devOptional": true,
      "hasInstallScript": true,
      "dependencies": {
        "@prisma/debug": "5.22.0",
        "@prisma/engines-version": "5.22.0-44.605197351a3c8bdd595af2d2a9bc3025bca48ea2",
        "@prisma/fetch-engine": "5.22.0",
        "@prisma/get-platform": "5.22.0"
      }
    },
    "node_modules/@prisma/engines-version": {
      "version": "5.22.0-44.605197351a3c8bdd595af2d2a9bc3025bca48ea2",
      "resolved": "https://registry.npmjs.org/@prisma/engines-version/-/engines-version-5.22.0-44.605197351a3c8bdd595af2d2a9bc3025bca48ea2.tgz",
      "integrity": "sha512-2PTmxFR2yHW/eB3uqWtcgRcgAbG1rwG9ZriSvQw+nnb7c4uCr3RAcGMb6/zfE88SKlC1Nj2ziUvc96Z379mHgQ==",
      "devOptional": true
    },
    "node_modules/@prisma/fetch-engine": {
      "version": "5.22.0",
      "resolved": "https://registry.npmjs.org/@prisma/fetch-engine/-/fetch-engine-5.22.0.tgz",
      "integrity": "sha512-bkrD/Mc2fSvkQBV5EpoFcZ87AvOgDxbG99488a5cexp5Ccny+UM6MAe/UFkUC0wLYD9+9befNOqGiIJhhq+HbA==",
      "devOptional": true,
      "dependencies": {
        "@prisma/debug": "5.22.0",
        "@prisma/engines-version": "5.22.0-44.605197351a3c8bdd595af2d2a9bc3025bca48ea2",
        "@prisma/get-platform": "5.22.0"
      }
    },
    "node_modules/@prisma/get-platform": {
      "version": "5.22.0",
      "resolved": "https://registry.npmjs.org/@prisma/get-platform/-/get-platform-5.22.0.tgz",
      "integrity": "sha512-pHhpQdr1UPFpt+zFfnPazhulaZYCUqeIcPpJViYoq9R+D/yw4fjE+CtnsnKzPYm0ddUbeXUzjGVGIRVgPDCk4Q==",
      "devOptional": true,
      "dependencies": {
        "@prisma/debug": "5.22.0"
      }
    },
    "node_modules/@stablelib/base64": {
      "version": "1.0.1",
      "resolved": "https://registry.npmjs.org/@stablelib/base64/-/base64-1.0.1.tgz",
      "integrity": "sha512-1bnPQqSxSuc3Ii6MhBysoWCg58j97aUjuCSZrGSmDxNqtytIi0k8utUenAwTZN4V5mXXYGsVUI9zeBqy+jBOSQ==",
      "license": "MIT"
    },
    "node_modules/bcryptjs": {
      "version": "3.0.3",
      "resolved": "https://registry.npmjs.org/bcryptjs/-/bcryptjs-3.0.3.tgz",
      "integrity": "sha512-GlF5wPWnSa/X5LKM1o0wz0suXIINz1iHRLvTS+sLyi7XPbe5ycmYI3DlZqVGZZtDgl4DmasFg7gOB3JYbphV5g==",
      "license": "BSD-3-Clause",
      "bin": {
        "bcrypt": "bin/bcrypt"
      }
    },
    "node_modules/fast-sha256": {
      "version": "1.3.0",
      "resolved": "https://registry.npmjs.org/fast-sha256/-/fast-sha256-1.3.0.tgz",
      "integrity": "sha512-n11RGP/lrWEFI/bWdygLxhI+pVeo1ZYIVwvvPkW7azl/rOy+F3HYRZ2K5zeE9mmkhQppyv9sQFx0JM9UabnpPQ==",
      "license": "Unlicense"
    },
    "node_modules/fsevents": {
      "version": "2.3.3",
      "resolved": "https://registry.npmjs.org/fsevents/-/fsevents-2.3.3.tgz",
      "integrity": "sha512-5xoDfX+fL7faATnagmWPpbFtwh/R77WmMMqqHGS65C3vvB0YHrgF+B1YmZ3441tMj5n63k0212XNoJwzlhffQw==",
      "hasInstallScript": true,
      "optional": true,
      "os": [
        "darwin"
      ],
      "engines": {
        "node": "^8.16.0 || ^10.6.0 || >=11.0.0"
      }
    },
    "node_modules/postal-mime": {
      "version": "2.7.5",
      "resolved": "https://registry.npmjs.org/postal-mime/-/postal-mime-2.7.5.tgz",
      "integrity": "sha512-GNEXKvWFQnbgO5NlrGzVa0FmWzBZ24PersAWErttSg1Hjpf0ATxTwS5DOMGaOpTG6bUh5cTr7xi0jAD942wCJA==",
      "license": "MIT-0"
    },
    "node_modules/prisma": {
      "version": "5.22.0",
      "resolved": "https://registry.npmjs.org/prisma/-/prisma-5.22.0.tgz",
      "integrity": "sha512-vtpjW3XuYCSnMsNVBjLMNkTj6OZbudcPPTPYHqX0CJfpcdWciI1dM8uHETwmDxxiqEwCIE6WvXucWUetJgfu/A==",
      "devOptional": true,
      "hasInstallScript": true,
      "dependencies": {
        "@prisma/engines": "5.22.0"
      },
      "bin": {
        "prisma": "build/index.js"
      },
      "engines": {
        "node": ">=16.13"
      },
      "optionalDependencies": {
        "fsevents": "2.3.3"
      }
    },
    "node_modules/resend": {
      "version": "6.26.0",
      "resolved": "https://registry.npmjs.org/resend/-/resend-6.26.0.tgz",
      "integrity": "sha512-vkrULozV5nGF8o7tyun/t0+qFgtPpn+cyRhVqeorhOsPUNDiSc/9p/pn8AprdHqJpYaTvftpnQgWurW++FkCdw==",
      "license": "MIT",
      "dependencies": {
        "postal-mime": "2.7.5",
        "standardwebhooks": "1.0.0"
      },
      "engines": {
        "node": ">=20"
      },
      "peerDependencies": {
        "@react-email/render": "*"
      },
      "peerDependenciesMeta": {
        "@react-email/render": {
          "optional": true
        }
      }
    },
    "node_modules/standardwebhooks": {
      "version": "1.0.0",
      "resolved": "https://registry.npmjs.org/standardwebhooks/-/standardwebhooks-1.0.0.tgz",
      "integrity": "sha512-BbHGOQK9olHPMvQNHWul6MYlrRTAOKn03rOe4A8O3CLWhNf4YHBqq2HJKKC+sfqpxiBY52pNeesD6jIiLDz8jg==",
      "license": "MIT",
      "dependencies": {
        "@stablelib/base64": "^1.0.0",
        "fast-sha256": "^1.3.0"
      }
    }
  },
  "dependencies": {
    "@prisma/client": {
      "version": "5.22.0",
      "resolved": "https://registry.npmjs.org/@prisma/client/-/client-5.22.0.tgz",
      "integrity": "sha512-M0SVXfyHnQREBKxCgyo7sffrKttwE6R8PMq330MIUF0pTwjUhLbW84pFDlf06B27XyCR++VtjugEnIHdr07SVA==",
      "requires": {}
    },
    "@prisma/debug": {
      "version": "5.22.0",
      "resolved": "https://registry.npmjs.org/@prisma/debug/-/debug-5.22.0.tgz",
      "integrity": "sha512-AUt44v3YJeggO2ZU5BkXI7M4hu9BF2zzH2iF2V5pyXT/lRTyWiElZ7It+bRH1EshoMRxHgpYg4VB6rCM+mG5jQ==",
      "devOptional": true
    },
    "@prisma/engines": {
      "version": "5.22.0",
      "resolved": "https://registry.npmjs.org/@prisma/engines/-/engines-5.22.0.tgz",
      "integrity": "sha512-UNjfslWhAt06kVL3CjkuYpHAWSO6L4kDCVPegV6itt7nD1kSJavd3vhgAEhjglLJJKEdJ7oIqDJ+yHk6qO8gPA==",
      "devOptional": true,
      "requires": {
        "@prisma/debug": "5.22.0",
        "@prisma/engines-version": "5.22.0-44.605197351a3c8bdd595af2d2a9bc3025bca48ea2",
        "@prisma/fetch-engine": "5.22.0",
        "@prisma/get-platform": "5.22.0"
      }
    },
    "@prisma/engines-version": {
      "version": "5.22.0-44.605197351a3c8bdd595af2d2a9bc3025bca48ea2",
      "resolved": "https://registry.npmjs.org/@prisma/engines-version/-/engines-version-5.22.0-44.605197351a3c8bdd595af2d2a9bc3025bca48ea2.tgz",
      "integrity": "sha512-2PTmxFR2yHW/eB3uqWtcgRcgAbG1rwG9ZriSvQw+nnb7c4uCr3RAcGMb6/zfE88SKlC1Nj2ziUvc96Z379mHgQ==",
      "devOptional": true
    },
    "@prisma/fetch-engine": {
      "version": "5.22.0",
      "resolved": "https://registry.npmjs.org/@prisma/fetch-engine/-/fetch-engine-5.22.0.tgz",
      "integrity": "sha512-bkrD/Mc2fSvkQBV5EpoFcZ87AvOgDxbG99488a5cexp5Ccny+UM6MAe/UFkUC0wLYD9+9befNOqGiIJhhq+HbA==",
      "devOptional": true,
      "requires": {
        "@prisma/debug": "5.22.0",
        "@prisma/engines-version": "5.22.0-44.605197351a3c8bdd595af2d2a9bc3025bca48ea2",
        "@prisma/get-platform": "5.22.0"
      }
    },
    "@prisma/get-platform": {
      "version": "5.22.0",
      "resolved": "https://registry.npmjs.org/@prisma/get-platform/-/get-platform-5.22.0.tgz",
      "integrity": "sha512-pHhpQdr1UPFpt+zFfnPazhulaZYCUqeIcPpJViYoq9R+D/yw4fjE+CtnsnKzPYm0ddUbeXUzjGVGIRVgPDCk4Q==",
      "devOptional": true,
      "requires": {
        "@prisma/debug": "5.22.0"
      }
    },
    "@stablelib/base64": {
      "version": "1.0.1",
      "resolved": "https://registry.npmjs.org/@stablelib/base64/-/base64-1.0.1.tgz",
      "integrity": "sha512-1bnPQqSxSuc3Ii6MhBysoWCg58j97aUjuCSZrGSmDxNqtytIi0k8utUenAwTZN4V5mXXYGsVUI9zeBqy+jBOSQ=="
    },
    "bcryptjs": {
      "version": "3.0.3",
      "resolved": "https://registry.npmjs.org/bcryptjs/-/bcryptjs-3.0.3.tgz",
      "integrity": "sha512-GlF5wPWnSa/X5LKM1o0wz0suXIINz1iHRLvTS+sLyi7XPbe5ycmYI3DlZqVGZZtDgl4DmasFg7gOB3JYbphV5g=="
    },
    "fast-sha256": {
      "version": "1.3.0",
      "resolved": "https://registry.npmjs.org/fast-sha256/-/fast-sha256-1.3.0.tgz",
      "integrity": "sha512-n11RGP/lrWEFI/bWdygLxhI+pVeo1ZYIVwvvPkW7azl/rOy+F3HYRZ2K5zeE9mmkhQppyv9sQFx0JM9UabnpPQ=="
    },
    "fsevents": {
      "version": "2.3.3",
      "resolved": "https://registry.npmjs.org/fsevents/-/fsevents-2.3.3.tgz",
      "integrity": "sha512-5xoDfX+fL7faATnagmWPpbFtwh/R77WmMMqqHGS65C3vvB0YHrgF+B1YmZ3441tMj5n63k0212XNoJwzlhffQw==",
      "optional": true
    },
    "postal-mime": {
      "version": "2.7.5",
      "resolved": "https://registry.npmjs.org/postal-mime/-/postal-mime-2.7.5.tgz",
      "integrity": "sha512-GNEXKvWFQnbgO5NlrGzVa0FmWzBZ24PersAWErttSg1Hjpf0ATxTwS5DOMGaOpTG6bUh5cTr7xi0jAD942wCJA=="
    },
    "prisma": {
      "version": "5.22.0",
      "resolved": "https://registry.npmjs.org/prisma/-/prisma-5.22.0.tgz",
      "integrity": "sha512-vtpjW3XuYCSnMsNVBjLMNkTj6OZbudcPPTPYHqX0CJfpcdWciI1dM8uHETwmDxxiqEwCIE6WvXucWUetJgfu/A==",
      "devOptional": true,
      "requires": {
        "@prisma/engines": "5.22.0",
        "fsevents": "2.3.3"
      }
    },
    "resend": {
      "version": "6.26.0",
      "resolved": "https://registry.npmjs.org/resend/-/resend-6.26.0.tgz",
      "integrity": "sha512-vkrULozV5nGF8o7tyun/t0+qFgtPpn+cyRhVqeorhOsPUNDiSc/9p/pn8AprdHqJpYaTvftpnQgWurW++FkCdw==",
      "requires": {
        "postal-mime": "2.7.5",
        "standardwebhooks": "1.0.0"
      }
    },
    "standardwebhooks": {
      "version": "1.0.0",
      "resolved": "https://registry.npmjs.org/standardwebhooks/-/standardwebhooks-1.0.0.tgz",
      "integrity": "sha512-BbHGOQK9olHPMvQNHWul6MYlrRTAOKn03rOe4A8O3CLWhNf4YHBqq2HJKKC+sfqpxiBY52pNeesD6jIiLDz8jg==",
      "requires": {
        "@stablelib/base64": "^1.0.0",
        "fast-sha256": "^1.3.0"
      }
    }
  }
}
